<?xml version="1.0" encoding="utf-8"?>
<Project ToolsVersion="4.0" xmlns="http://schemas.microsoft.com/developer/msbuild/2003">
  <ItemGroup>
    <Filter Include="Source Files">
      <UniqueIdentifier>{4FC737F1-C7A5-4376-A066-2A32D752A2FF}</UniqueIdentifier>
      <Extensions>cpp;c;cc;cxx;c++;cppm;ixx;def;odl;idl;hpj;bat;asm;asmx</Extensions>
    </Filter>
    <Filter Include="Header Files">
      <UniqueIdentifier>{93995380-89BD-4b04-88EB-625FBE52EBFB}</UniqueIdentifier>
      <Extensions>h;hh;hpp;hxx;h++;hm;inl;inc;ipp;xsd</Extensions>
    </Filter>
    <Filter Include="Resource Files">
      <UniqueIdentifier>{67DA6AB6-F800-4c08-8B7A-83BB121AAD01}</UniqueIdentifier>
      <Extensions>rc;ico;cur;bmp;dlg;rc2;rct;bin;rgs;gif;jpg;jpeg;jpe;resx;tiff;tif;png;wav;mfcribbon-ms</Extensions>
    </Filter>
  </ItemGroup>
  <ItemGroup>
    <ClInclude Include="framework.h">
      <Filter>Header Files</Filter>
    </ClInclude>
    <ClInclude Include="targetver.h">
      <Filter>Header Files</Filter>
    </ClInclude>
    <ClInclude Include="Resource.h">
      <Filter>Header Files</Filter>
    </ClInclude>
    <ClInclude Include="UnheardEngine.h">
      <Filter>Header Files</Filter>
    </ClInclude>
    <ClInclude Include="Runtime\Engine\Engine.h">
      <Filter>Header Files</Filter>
    </ClInclude>
    <ClInclude Include="Runtime\Classes\Settings.h">
      <Filter>Header Files</Filter>
    </ClInclude>
    <ClInclude Include="Runtime\Engine\Graphic.h">
      <Filter>Header Files</Filter>
    </ClInclude>
    <ClInclude Include="Runtime\Engine\Input.h">
      <Filter>Header Files</Filter>
    </ClInclude>
    <ClInclude Include="Runtime\Engine\GameTimer.h">
      <Filter>Header Files</Filter>
    </ClInclude>
    <ClInclude Include="Editor\Editor\Profiler.h">
      <Filter>Header Files</Filter>
    </ClInclude>
    <ClInclude Include="Editor\Classes\FbxImporter.h">
      <Filter>Header Files</Filter>
    </ClInclude>
    <ClInclude Include="Runtime\Classes\Mesh.h">
      <Filter>Header Files</Filter>
    </ClInclude>
    <ClInclude Include="Runtime\Classes\Types.h">
      <Filter>Header Files</Filter>
    </ClInclude>
    <ClInclude Include="Runtime\Engine\Asset.h">
      <Filter>Header Files</Filter>
    </ClInclude>
    <ClInclude Include="Runtime\Engine\Config.h">
      <Filter>Header Files</Filter>
    </ClInclude>
    <ClInclude Include="Runtime\Classes\Utility.h">
      <Filter>Header Files</Filter>
    </ClInclude>
    <ClInclude Include="Runtime\Renderer\DeferredShadingRenderer.h">
      <Filter>Header Files</Filter>
    </ClInclude>
    <ClInclude Include="Runtime\Renderer\GraphicBuilder.h">
      <Filter>Header Files</Filter>
    </ClInclude>
    <ClInclude Include="Runtime\Classes\RenderTexture.h">
      <Filter>Header Files</Filter>
    </ClInclude>
    <ClInclude Include="Runtime\Engine\RenderResource.h">
      <Filter>Header Files</Filter>
    </ClInclude>
    <ClInclude Include="Runtime\Classes\RenderBuffer.h">
      <Filter>Header Files</Filter>
    </ClInclude>
    <ClInclude Include="Runtime\Classes\Object.h">
      <Filter>Header Files</Filter>
    </ClInclude>
    <ClInclude Include="Runtime\Classes\GraphicState.h">
      <Filter>Header Files</Filter>
    </ClInclude>
    <ClInclude Include="Runtime\Classes\MaterialLayout.h">
      <Filter>Header Files</Filter>
    </ClInclude>
    <ClInclude Include="Runtime\Classes\Shader.h">
      <Filter>Header Files</Filter>
    </ClInclude>
    <ClInclude Include="Runtime\Classes\Material.h">
      <Filter>Header Files</Filter>
    </ClInclude>
    <ClInclude Include="Runtime\Components\MeshRenderer.h">
      <Filter>Header Files</Filter>
    </ClInclude>
    <ClInclude Include="Runtime\Components\Transform.h">
      <Filter>Header Files</Filter>
    </ClInclude>
    <ClInclude Include="Runtime\Components\Component.h">
      <Filter>Header Files</Filter>
    </ClInclude>
    <ClInclude Include="Runtime\Classes\Scene.h">
      <Filter>Header Files</Filter>
    </ClInclude>
    <ClInclude Include="Runtime\Components\Camera.h">
      <Filter>Header Files</Filter>
    </ClInclude>
    <ClInclude Include="Runtime\Renderer\RenderingTypes.h">
      <Filter>Header Files</Filter>
    </ClInclude>
    <ClInclude Include="Runtime\Components\Light.h">
      <Filter>Header Files</Filter>
    </ClInclude>
    <ClInclude Include="Runtime\Classes\Sampler.h">
      <Filter>Header Files</Filter>
    </ClInclude>
    <ClInclude Include="Runtime\Renderer\DescriptorHelper.h">
      <Filter>Header Files</Filter>
    </ClInclude>
    <ClInclude Include="Runtime\Components\SkyLight.h">
      <Filter>Header Files</Filter>
    </ClInclude>
    <ClInclude Include="Runtime\Classes\Texture2D.h">
      <Filter>Header Files</Filter>
    </ClInclude>
    <ClInclude Include="Runtime\Classes\Texture.h">
      <Filter>Header Files</Filter>
    </ClInclude>
    <ClInclude Include="Editor\Classes\TextureImporter.h">
      <Filter>Header Files</Filter>
    </ClInclude>
    <ClInclude Include="Editor\Classes\ShaderImporter.h">
      <Filter>Header Files</Filter>
    </ClInclude>
    <ClInclude Include="Runtime\Classes\AssetPath.h">
      <Filter>Header Files</Filter>
    </ClInclude>
    <ClInclude Include="Editor\Classes\GeometryUtility.h">
      <Filter>Header Files</Filter>
    </ClInclude>
    <ClInclude Include="Runtime\Classes\TextureCube.h">
      <Filter>Header Files</Filter>
    </ClInclude>
    <ClInclude Include="Runtime\Renderer\ShaderClass\ShaderClass.h">
      <Filter>Header Files</Filter>
    </ClInclude>
    <ClInclude Include="Runtime\Renderer\ShaderClass\SkyPassShader.h">
      <Filter>Header Files</Filter>
    </ClInclude>
    <ClInclude Include="Runtime\Renderer\ShaderClass\LightPassShader.h">
      <Filter>Header Files</Filter>
    </ClInclude>
    <ClInclude Include="Runtime\Renderer\ShaderClass\BasePassShader.h">
      <Filter>Header Files</Filter>
    </ClInclude>
    <ClInclude Include="Runtime\Renderer\ShaderClass\PostProcessing\ToneMappingShader.h">
      <Filter>Header Files</Filter>
    </ClInclude>
    <ClInclude Include="Runtime\Renderer\ShaderClass\PostProcessing\TemporalAAShader.h">
      <Filter>Header Files</Filter>
    </ClInclude>
    <ClInclude Include="Runtime\CoreGlobals.h">
      <Filter>Header Files</Filter>
    </ClInclude>
    <ClInclude Include="Runtime\Renderer\ShaderClass\MotionPassShader.h">
      <Filter>Header Files</Filter>
    </ClInclude>
    <ClInclude Include="Runtime\Classes\AccelerationStructure.h">
      <Filter>Header Files</Filter>
    </ClInclude>
    <ClInclude Include="Runtime\Renderer\ShaderClass\RayTracing\RTShadowShader.h">
      <Filter>Header Files</Filter>
    </ClInclude>
    <ClInclude Include="Runtime\Renderer\ShaderClass\RayTracing\RTDefaultHitGroupShader.h">
      <Filter>Header Files</Filter>
    </ClInclude>
    <ClInclude Include="Runtime\Renderer\ShaderClass\PostProcessing\DebugViewShader.h">
      <Filter>Header Files</Filter>
    </ClInclude>
    <ClInclude Include="Runtime\Components\GameScript.h">
      <Filter>Header Files</Filter>
    </ClInclude>
    <ClInclude Include="Game\UHDemoScript.h">
      <Filter>Header Files</Filter>
    </ClInclude>
    <ClInclude Include="Runtime\Renderer\ShaderClass\RayTracing\RTShaderDefines.h">
      <Filter>Header Files</Filter>
    </ClInclude>
    <ClInclude Include="Runtime\Renderer\ShaderClass\TextureSamplerTable.h">
      <Filter>Header Files</Filter>
    </ClInclude>
    <ClInclude Include="Runtime\Renderer\ShaderClass\RayTracing\RTMeshTable.h">
      <Filter>Header Files</Filter>
    </ClInclude>
    <ClInclude Include="Editor\Editor\Editor.h">
      <Filter>Header Files</Filter>
    </ClInclude>
    <ClInclude Include="Editor\Classes\EditorUtils.h">
      <Filter>Header Files</Filter>
    </ClInclude>
    <ClInclude Include="Editor\Dialog\Dialog.h">
      <Filter>Header Files</Filter>
    </ClInclude>
    <ClInclude Include="Editor\Dialog\ProfileDialog.h">
      <Filter>Header Files</Filter>
    </ClInclude>
    <ClInclude Include="Editor\Dialog\SettingDialog.h">
      <Filter>Header Files</Filter>
    </ClInclude>
    <ClInclude Include="Runtime\Classes\GPUQuery.h">
      <Filter>Header Files</Filter>
    </ClInclude>
    <ClInclude Include="Runtime\Classes\GPUMemory.h">
      <Filter>Header Files</Filter>
    </ClInclude>
    <ClInclude Include="Runtime\Renderer\ShaderClass\DepthPassShader.h">
      <Filter>Header Files</Filter>
    </ClInclude>
    <ClInclude Include="Runtime\Classes\Thread.h">
      <Filter>Header Files</Filter>
    </ClInclude>
    <ClInclude Include="Runtime\Renderer\ParallelSubmitter.h">
      <Filter>Header Files</Filter>
    </ClInclude>
    <ClInclude Include="Runtime\Classes\GraphNode\GraphNode.h">
      <Filter>Header Files</Filter>
    </ClInclude>
    <ClInclude Include="Runtime\Classes\GraphNode\MaterialNode.h">
      <Filter>Header Files</Filter>
    </ClInclude>
    <ClInclude Include="Editor\Dialog\MaterialDialog.h">
      <Filter>Header Files</Filter>
    </ClInclude>
    <ClInclude Include="Editor\Classes\GraphNodeGUI.h">
      <Filter>Header Files</Filter>
    </ClInclude>
    <ClInclude Include="Editor\Classes\MenuGUI.h">
      <Filter>Header Files</Filter>
    </ClInclude>
    <ClInclude Include="Runtime\Classes\GraphNode\ParameterNode.h">
      <Filter>Header Files</Filter>
    </ClInclude>
    <ClInclude Include="Editor\Classes\ParameterNodeGUI.h">
      <Filter>Header Files</Filter>
    </ClInclude>
    <ClInclude Include="Runtime\Classes\GraphNode\GraphPin.h">
      <Filter>Header Files</Filter>
    </ClInclude>
    <ClInclude Include="Runtime\Classes\GraphNode\MathNode.h">
      <Filter>Header Files</Filter>
    </ClInclude>
    <ClInclude Include="Editor\Classes\MathNodeGUI.h">
      <Filter>Header Files</Filter>
    </ClInclude>
    <ClInclude Include="Runtime\Classes\GraphNode\TextureNode.h">
      <Filter>Header Files</Filter>
    </ClInclude>
    <ClInclude Include="Editor\Classes\TextureNodeGUI.h">
      <Filter>Header Files</Filter>
    </ClInclude>
    <ClInclude Include="Editor\Classes\GUIDefines.h">
      <Filter>Header Files</Filter>
    </ClInclude>
    <ClInclude Include="Editor\Classes\MaterialImporter.h">
      <Filter>Header Files</Filter>
    </ClInclude>
    <ClInclude Include="Runtime\Renderer\ShaderClass\RayTracing\RTMaterialDataTable.h">
      <Filter>Header Files</Filter>
    </ClInclude>
    <ClInclude Include="Runtime\Renderer\ShaderClass\TranslucentPassShader.h">
      <Filter>Header Files</Filter>
    </ClInclude>
    <ClInclude Include="Runtime\Renderer\ShaderClass\RayTracing\SoftRTShadowShader.h">
      <Filter>Header Files</Filter>
    </ClInclude>
    <ClInclude Include="Runtime\Renderer\QueueSubmitter.h">
      <Filter>Header Files</Filter>
    </ClInclude>
    <ClInclude Include="Runtime\Engine\GraphicFunction.h">
      <Filter>Header Files</Filter>
    </ClInclude>
    <ClInclude Include="Editor\Dialog\TextureDialog.h">
      <Filter>Header Files</Filter>
    </ClInclude>
    <ClInclude Include="Editor\Editor\PreviewScene.h">
      <Filter>Header Files</Filter>
    </ClInclude>
    <ClInclude Include="Editor\Dialog\TextureCreationDialog.h">
      <Filter>Header Files</Filter>
    </ClInclude>
    <ClInclude Include="Runtime\Classes\TextureCompressor.h">
      <Filter>Header Files</Filter>
    </ClInclude>
  </ItemGroup>
  <ItemGroup>
    <ClCompile Include="UnheardEngine.cpp">
      <Filter>Source Files</Filter>
    </ClCompile>
    <ClCompile Include="Runtime\Engine\Engine.cpp">
      <Filter>Source Files</Filter>
    </ClCompile>
    <ClCompile Include="Runtime\Engine\Graphic.cpp">
      <Filter>Source Files</Filter>
    </ClCompile>
    <ClCompile Include="Runtime\Engine\Input.cpp">
      <Filter>Source Files</Filter>
    </ClCompile>
    <ClCompile Include="Runtime\Engine\GameTimer.cpp">
      <Filter>Source Files</Filter>
    </ClCompile>
    <ClCompile Include="Editor\Editor\Profiler.cpp">
      <Filter>Source Files</Filter>
    </ClCompile>
    <ClCompile Include="Editor\Classes\FbxImporter.cpp">
      <Filter>Source Files</Filter>
    </ClCompile>
    <ClCompile Include="Runtime\Classes\Mesh.cpp">
      <Filter>Source Files</Filter>
    </ClCompile>
    <ClCompile Include="Runtime\Engine\Asset.cpp">
      <Filter>Source Files</Filter>
    </ClCompile>
    <ClCompile Include="Runtime\Engine\Config.cpp">
      <Filter>Source Files</Filter>
    </ClCompile>
    <ClCompile Include="Runtime\Renderer\DeferredShadingRenderer.cpp">
      <Filter>Source Files</Filter>
    </ClCompile>
    <ClCompile Include="Runtime\Renderer\GraphicBuilder.cpp">
      <Filter>Source Files</Filter>
    </ClCompile>
    <ClCompile Include="Runtime\Classes\RenderTexture.cpp">
      <Filter>Source Files</Filter>
    </ClCompile>
    <ClCompile Include="Runtime\Engine\RenderResource.cpp">
      <Filter>Source Files</Filter>
    </ClCompile>
    <ClCompile Include="Runtime\Classes\Object.cpp">
      <Filter>Source Files</Filter>
    </ClCompile>
    <ClCompile Include="Runtime\Classes\GraphicState.cpp">
      <Filter>Source Files</Filter>
    </ClCompile>
    <ClCompile Include="Runtime\Classes\Shader.cpp">
      <Filter>Source Files</Filter>
    </ClCompile>
    <ClCompile Include="Runtime\Classes\Material.cpp">
      <Filter>Source Files</Filter>
    </ClCompile>
    <ClCompile Include="Runtime\Components\MeshRenderer.cpp">
      <Filter>Source Files</Filter>
    </ClCompile>
    <ClCompile Include="Runtime\Components\Transform.cpp">
      <Filter>Source Files</Filter>
    </ClCompile>
    <ClCompile Include="Runtime\Components\Component.cpp">
      <Filter>Source Files</Filter>
    </ClCompile>
    <ClCompile Include="Runtime\Classes\Scene.cpp">
      <Filter>Source Files</Filter>
    </ClCompile>
    <ClCompile Include="Runtime\Components\Camera.cpp">
      <Filter>Source Files</Filter>
    </ClCompile>
    <ClCompile Include="Runtime\Renderer\RendererInitializer.cpp">
      <Filter>Source Files</Filter>
    </ClCompile>
    <ClCompile Include="Runtime\Renderer\BasePassRendering.cpp">
      <Filter>Source Files</Filter>
    </ClCompile>
    <ClCompile Include="Runtime\Renderer\PostProcessRendering.cpp">
      <Filter>Source Files</Filter>
    </ClCompile>
    <ClCompile Include="Runtime\Renderer\LightPassRendering.cpp">
      <Filter>Source Files</Filter>
    </ClCompile>
    <ClCompile Include="Runtime\Components\Light.cpp">
      <Filter>Source Files</Filter>
    </ClCompile>
    <ClCompile Include="Runtime\Classes\Sampler.cpp">
      <Filter>Source Files</Filter>
    </ClCompile>
    <ClCompile Include="Runtime\Renderer\DescriptorHelper.cpp">
      <Filter>Source Files</Filter>
    </ClCompile>
    <ClCompile Include="Runtime\Components\SkyLight.cpp">
      <Filter>Source Files</Filter>
    </ClCompile>
    <ClCompile Include="Runtime\Classes\Texture2D.cpp">
      <Filter>Source Files</Filter>
    </ClCompile>
    <ClCompile Include="Runtime\Classes\Texture.cpp">
      <Filter>Source Files</Filter>
    </ClCompile>
    <ClCompile Include="Editor\Classes\TextureImporter.cpp">
      <Filter>Source Files</Filter>
    </ClCompile>
    <ClCompile Include="Editor\Classes\ShaderImporter.cpp">
      <Filter>Source Files</Filter>
    </ClCompile>
    <ClCompile Include="Runtime\Renderer\SkyPassRendering.cpp">
      <Filter>Source Files</Filter>
    </ClCompile>
    <ClCompile Include="Runtime\Classes\TextureCube.cpp">
      <Filter>Source Files</Filter>
    </ClCompile>
    <ClCompile Include="Runtime\Renderer\ShaderClass\ShaderClass.cpp">
      <Filter>Source Files</Filter>
    </ClCompile>
    <ClCompile Include="Runtime\CoreGlobals.cpp">
      <Filter>Source Files</Filter>
    </ClCompile>
    <ClCompile Include="Runtime\Renderer\MotionPassRendering.cpp">
      <Filter>Source Files</Filter>
    </ClCompile>
    <ClCompile Include="Runtime\Classes\AccelerationStructure.cpp">
      <Filter>Source Files</Filter>
    </ClCompile>
    <ClCompile Include="Runtime\Renderer\RayTracingRendering.cpp">
      <Filter>Source Files</Filter>
    </ClCompile>
    <ClCompile Include="Runtime\Components\GameScript.cpp">
      <Filter>Source Files</Filter>
    </ClCompile>
    <ClCompile Include="Game\UHDemoScript.cpp">
      <Filter>Source Files</Filter>
    </ClCompile>
    <ClCompile Include="Runtime\Classes\Types.cpp">
      <Filter>Source Files</Filter>
    </ClCompile>
    <ClCompile Include="Editor\Editor\Editor.cpp">
      <Filter>Source Files</Filter>
    </ClCompile>
    <ClCompile Include="Editor\Classes\EditorUtils.cpp">
      <Filter>Source Files</Filter>
    </ClCompile>
    <ClCompile Include="Editor\Dialog\Dialog.cpp">
      <Filter>Source Files</Filter>
    </ClCompile>
    <ClCompile Include="Editor\Dialog\ProfileDialog.cpp">
      <Filter>Source Files</Filter>
    </ClCompile>
    <ClCompile Include="Editor\Dialog\SettingDialog.cpp">
      <Filter>Source Files</Filter>
    </ClCompile>
    <ClCompile Include="Runtime\Classes\GPUQuery.cpp">
      <Filter>Source Files</Filter>
    </ClCompile>
    <ClCompile Include="Runtime\Classes\GPUMemory.cpp">
      <Filter>Source Files</Filter>
    </ClCompile>
    <ClCompile Include="Runtime\Renderer\DepthPassRendering.cpp">
      <Filter>Source Files</Filter>
    </ClCompile>
    <ClCompile Include="Runtime\Classes\Thread.cpp">
      <Filter>Source Files</Filter>
    </ClCompile>
    <ClCompile Include="Runtime\Renderer\ShaderClass\PostProcessing\DebugViewShader.cpp">
      <Filter>Source Files</Filter>
    </ClCompile>
    <ClCompile Include="Runtime\Renderer\ShaderClass\PostProcessing\TemporalAAShader.cpp">
      <Filter>Source Files</Filter>
    </ClCompile>
    <ClCompile Include="Runtime\Renderer\ShaderClass\PostProcessing\ToneMappingShader.cpp">
      <Filter>Source Files</Filter>
    </ClCompile>
    <ClCompile Include="Runtime\Renderer\ShaderClass\RayTracing\RTShadowShader.cpp">
      <Filter>Source Files</Filter>
    </ClCompile>
    <ClCompile Include="Runtime\Renderer\ShaderClass\BasePassShader.cpp">
      <Filter>Source Files</Filter>
    </ClCompile>
    <ClCompile Include="Runtime\Renderer\ShaderClass\DepthPassShader.cpp">
      <Filter>Source Files</Filter>
    </ClCompile>
    <ClCompile Include="Runtime\Renderer\ShaderClass\LightPassShader.cpp">
      <Filter>Source Files</Filter>
    </ClCompile>
    <ClCompile Include="Runtime\Renderer\ShaderClass\MotionPassShader.cpp">
      <Filter>Source Files</Filter>
    </ClCompile>
    <ClCompile Include="Runtime\Renderer\ShaderClass\SkyPassShader.cpp">
      <Filter>Source Files</Filter>
    </ClCompile>
    <ClCompile Include="Runtime\Classes\GraphNode\MaterialNode.cpp">
      <Filter>Source Files</Filter>
    </ClCompile>
    <ClCompile Include="Runtime\Classes\GraphNode\GraphNode.cpp">
      <Filter>Source Files</Filter>
    </ClCompile>
    <ClCompile Include="Editor\Dialog\MaterialDialog.cpp">
      <Filter>Source Files</Filter>
    </ClCompile>
    <ClCompile Include="Editor\Classes\GraphNodeGUI.cpp">
      <Filter>Source Files</Filter>
    </ClCompile>
    <ClCompile Include="Editor\Classes\MenuGUI.cpp">
      <Filter>Source Files</Filter>
    </ClCompile>
    <ClCompile Include="Runtime\Classes\GraphNode\ParameterNode.cpp">
      <Filter>Source Files</Filter>
    </ClCompile>
    <ClCompile Include="Editor\Classes\ParameterNodeGUI.cpp">
      <Filter>Source Files</Filter>
    </ClCompile>
    <ClCompile Include="Runtime\Classes\GraphNode\GraphPin.cpp">
      <Filter>Source Files</Filter>
    </ClCompile>
    <ClCompile Include="Runtime\Classes\GraphNode\MathNode.cpp">
      <Filter>Source Files</Filter>
    </ClCompile>
    <ClCompile Include="Editor\Classes\MathNodeGUI.cpp">
      <Filter>Source Files</Filter>
    </ClCompile>
    <ClCompile Include="Runtime\Classes\GraphNode\TextureNode.cpp">
      <Filter>Source Files</Filter>
    </ClCompile>
    <ClCompile Include="Editor\Classes\TextureNodeGUI.cpp">
      <Filter>Source Files</Filter>
    </ClCompile>
    <ClCompile Include="Runtime\Classes\Utility.cpp">
      <Filter>Source Files</Filter>
    </ClCompile>
    <ClCompile Include="Editor\Classes\MaterialImporter.cpp">
      <Filter>Source Files</Filter>
    </ClCompile>
    <ClCompile Include="Runtime\Renderer\ShaderClass\RayTracing\RTDefaultHitGroupShader.cpp">
      <Filter>Source Files</Filter>
    </ClCompile>
    <ClCompile Include="Runtime\Renderer\RenderingTypes.cpp">
      <Filter>Source Files</Filter>
    </ClCompile>
    <ClCompile Include="Runtime\Renderer\ShaderClass\TranslucentPassShader.cpp">
      <Filter>Source Files</Filter>
    </ClCompile>
    <ClCompile Include="Runtime\Renderer\TranslucentRendering.cpp">
      <Filter>Source Files</Filter>
    </ClCompile>
    <ClCompile Include="Runtime\Renderer\ShaderClass\RayTracing\SoftRTShadowShader.cpp">
      <Filter>Source Files</Filter>
    </ClCompile>
    <ClCompile Include="Editor\Dialog\TextureDialog.cpp">
      <Filter>Source Files</Filter>
    </ClCompile>
    <ClCompile Include="Editor\Editor\PreviewScene.cpp">
      <Filter>Source Files</Filter>
    </ClCompile>
    <ClCompile Include="Editor\Dialog\TextureCreationDialog.cpp">
      <Filter>Source Files</Filter>
    </ClCompile>
    <ClCompile Include="Runtime\Classes\TextureCompressor.cpp">
      <Filter>Source Files</Filter>
    </ClCompile>
  </ItemGroup>
  <ItemGroup>
    <ResourceCompile Include="UnheardEngine.rc">
      <Filter>Resource Files</Filter>
    </ResourceCompile>
  </ItemGroup>
  <ItemGroup>
    <Image Include="small.ico">
      <Filter>Resource Files</Filter>
    </Image>
    <Image Include="UnheardEngine.ico">
      <Filter>Resource Files</Filter>
    </Image>
  </ItemGroup>
  <ItemGroup>
    <None Include="Shaders\BasePixelShader.hlsl" />
    <None Include="Shaders\BaseVertexShader.hlsl" />
    <None Include="Shaders\PostProcessing\PostProcessVS.hlsl" />
    <None Include="Shaders\UHInputs.hlsli" />
    <None Include="Shaders\UHCommon.hlsli" />
    <None Include="Shaders\SkyboxVertexShader.hlsl" />
    <None Include="Shaders\SkyboxPixelShader.hlsl" />
    <None Include="Shaders\PostProcessing\ToneMapPixelShader.hlsl" />
    <None Include="packages.config" />
    <None Include="Shaders\MotionCameraShader.hlsl" />
    <None Include="Shaders\RayTracing\RayTracingShadow.hlsl" />
    <None Include="Shaders\RayTracing\UHRTCommon.hlsli" />
    <None Include="Shaders\RayTracing\RayTracingHitGroup.hlsl" />
    <None Include="Shaders\PostProcessing\DebugViewPixelShader.hlsl" />
    <None Include="Shaders\DepthPixelShader.hlsl" />
    <None Include="Shaders\FallbackPixelShader.hlsl" />
    <None Include="Shaders\DepthVertexShader.hlsl" />
    <None Include="Shaders\MotionPixelShader.hlsl" />
    <None Include="Shaders\MotionVertexShader.hlsl" />
    <None Include="Shaders\PostProcessing\TemporalAAComputeShader.hlsl" />
    <None Include="Shaders\LightComputeShader.hlsl" />
    <None Include="Shaders\TranslucentPixelShader.hlsl" />
    <None Include="Shaders\RayTracing\SoftRTShadowComputeShader.hlsl" />
  </ItemGroup>
</Project>